
Microsoft Visual Studio Solution File, Format Version 12.00
# Visual Studio Version 17
VisualStudioVersion = 17.4.33213.308
MinimumVisualStudioVersion = 10.0.40219.1
Project("{FAE04EC0-301F-11D3-BF4B-00C04F79EFBC}") = "TipDonusum", "TipDonusum\TipDonusum.csproj", "{3D4DC3D4-2BA3-43CA-8CDD-80CEEC630709}"
EndProject
Global
	GlobalSection(SolutionConfigurationPlatforms) = preSolution
		Debug|Any CPU = Debug|Any CPU
		Release|Any CPU = Release|Any CPU
	EndGlobalSection
	GlobalSection(ProjectConfigurationPlatforms) = postSolution
		{3D4DC3D4-2BA3-43CA-8CDD-80CEEC630709}.Debug|Any CPU.ActiveCfg = Debug|Any CPU
		{3D4DC3D4-2BA3-43CA-8CDD-80CEEC630709}.Debug|Any CPU.Build.0 = Debug|Any CPU
		{3D4DC3D4-2BA3-43CA-8CDD-80CEEC630709}.Release|Any CPU.ActiveCfg = Release|Any CPU
		{3D4DC3D4-2BA3-43CA-8CDD-80CEEC630709}.Release|Any CPU.Build.0 = Release|Any CPU
	EndGlobalSection
	GlobalSection(SolutionProperties) = preSolution
		HideSolutionNode = FALSE
	EndGlobalSection
	GlobalSection(ExtensibilityGlobals) = postSolution
		SolutionGuid = {8022235E-1F23-49EA-9ECD-11C5A5ABD829}
	EndGlobalSection
EndGlobal
